
Microsoft Visual Studio Solution File, Format Version 12.00
# Visual Studio Version 17
VisualStudioVersion = 17.12.35707.178 d17.12
MinimumVisualStudioVersion = 10.0.40219.1
Project("{FAE04EC0-301F-11D3-BF4B-00C04F79EFBC}") = "ProjetDotNet", "ProjetDotNet\ProjetDotNet.csproj", "{B3019497-9E59-4F65-8B1F-A81F8ABDC5FC}"
EndProject
Global
	GlobalSection(SolutionConfigurationPlatforms) = preSolution
		Debug|Any CPU = Debug|Any CPU
		Release|Any CPU = Release|Any CPU
	EndGlobalSection
	GlobalSection(ProjectConfigurationPlatforms) = postSolution
		{B3019497-9E59-4F65-8B1F-A81F8ABDC5FC}.Debug|Any CPU.ActiveCfg = Debug|Any CPU
		{B3019497-9E59-4F65-8B1F-A81F8ABDC5FC}.Debug|Any CPU.Build.0 = Debug|Any CPU
		{B3019497-9E59-4F65-8B1F-A81F8ABDC5FC}.Release|Any CPU.ActiveCfg = Release|Any CPU
		{B3019497-9E59-4F65-8B1F-A81F8ABDC5FC}.Release|Any CPU.Build.0 = Release|Any CPU
	EndGlobalSection
	GlobalSection(SolutionProperties) = preSolution
		HideSolutionNode = FALSE
	EndGlobalSection
EndGlobal
